
Microsoft Visual Studio Solution File, Format Version 12.00
# Visual Studio Version 16
VisualStudioVersion = 16.0.29403.142
MinimumVisualStudioVersion = 10.0.40219.1
Project("{FAE04EC0-301F-11D3-BF4B-00C04F79EFBC}") = "ratchet and clank ps4 csv", "ratchet and clank ps4 csv\ratchet and clank ps4 csv.csproj", "{3FAE5D5F-FBC1-4E0F-B140-694593C042F4}"
EndProject
Global
	GlobalSection(SolutionConfigurationPlatforms) = preSolution
		Debug|Any CPU = Debug|Any CPU
		Release|Any CPU = Release|Any CPU
	EndGlobalSection
	GlobalSection(ProjectConfigurationPlatforms) = postSolution
		{3FAE5D5F-FBC1-4E0F-B140-694593C042F4}.Debug|Any CPU.ActiveCfg = Debug|Any CPU
		{3FAE5D5F-FBC1-4E0F-B140-694593C042F4}.Debug|Any CPU.Build.0 = Debug|Any CPU
		{3FAE5D5F-FBC1-4E0F-B140-694593C042F4}.Release|Any CPU.ActiveCfg = Release|Any CPU
		{3FAE5D5F-FBC1-4E0F-B140-694593C042F4}.Release|Any CPU.Build.0 = Release|Any CPU
	EndGlobalSection
	GlobalSection(SolutionProperties) = preSolution
		HideSolutionNode = FALSE
	EndGlobalSection
	GlobalSection(ExtensibilityGlobals) = postSolution
		SolutionGuid = {346A1BF6-BFDB-4C32-BF64-1E38AF3E7693}
	EndGlobalSection
EndGlobal
